
Microsoft Visual Studio Solution File, Format Version 12.00
# Visual Studio Version 17
VisualStudioVersion = 17.5.33627.172
MinimumVisualStudioVersion = 10.0.40219.1
Project("{FAE04EC0-301F-11D3-BF4B-00C04F79EFBC}") = "A1IskandarAbdullaev", "A1IskandarAbdullaev\A1IskandarAbdullaev.csproj", "{EC7D5762-E932-42C9-B32C-E3B2D41B2FE2}"
EndProject
Global
	GlobalSection(SolutionConfigurationPlatforms) = preSolution
		Debug|Any CPU = Debug|Any CPU
		Release|Any CPU = Release|Any CPU
	EndGlobalSection
	GlobalSection(ProjectConfigurationPlatforms) = postSolution
		{EC7D5762-E932-42C9-B32C-E3B2D41B2FE2}.Debug|Any CPU.ActiveCfg = Debug|Any CPU
		{EC7D5762-E932-42C9-B32C-E3B2D41B2FE2}.Debug|Any CPU.Build.0 = Debug|Any CPU
		{EC7D5762-E932-42C9-B32C-E3B2D41B2FE2}.Release|Any CPU.ActiveCfg = Release|Any CPU
		{EC7D5762-E932-42C9-B32C-E3B2D41B2FE2}.Release|Any CPU.Build.0 = Release|Any CPU
	EndGlobalSection
	GlobalSection(SolutionProperties) = preSolution
		HideSolutionNode = FALSE
	EndGlobalSection
	GlobalSection(ExtensibilityGlobals) = postSolution
		SolutionGuid = {C231D995-8E8A-443D-8380-C84E14D64550}
	EndGlobalSection
EndGlobal
